
Microsoft Visual Studio Solution File, Format Version 12.00
# Visual Studio Version 17
VisualStudioVersion = 17.9.34616.47
MinimumVisualStudioVersion = 10.0.40219.1
Project("{8BC9CEB8-8B4A-11D0-8D11-00A0C91BC942}") = "paradigmaoop2", "paradigmaoop2\paradigmaoop2.vcxproj", "{9E9A5F95-7041-461E-9457-9D89373E4CE6}"
EndProject
Project("{8BC9CEB8-8B4A-11D0-8D11-00A0C91BC942}") = "enkapulasi", "enkapulasi\enkapulasi.vcxproj", "{614B3024-D411-4886-9A11-C2E3921E7240}"
EndProject
Project("{8BC9CEB8-8B4A-11D0-8D11-00A0C91BC942}") = "noOvereading", "noOvereading\noOvereading.vcxproj", "{6A882B25-B667-4E60-9AE1-EC6E3283E345}"
EndProject
Project("{8BC9CEB8-8B4A-11D0-8D11-00A0C91BC942}") = "noPewarisan", "noPewarisan\noPewarisan.vcxproj", "{FB26DB95-5C23-437E-896C-438148E64BA4}"
EndProject
Project("{8BC9CEB8-8B4A-11D0-8D11-00A0C91BC942}") = "abstraksi", "abstraksi\abstraksi.vcxproj", "{54E9F6A5-FE09-4C22-A7BB-086BFC016E9B}"
EndProject
Project("{8BC9CEB8-8B4A-11D0-8D11-00A0C91BC942}") = "multiwaris", "multiwaris\multiwaris.vcxproj", "{446DD9C9-483F-46DE-A684-B6874825D014}"
EndProject
Global
	GlobalSection(SolutionConfigurationPlatforms) = preSolution
		Debug|x64 = Debug|x64
		Debug|x86 = Debug|x86
		Release|x64 = Release|x64
		Release|x86 = Release|x86
	EndGlobalSection
	GlobalSection(ProjectConfigurationPlatforms) = postSolution
		{9E9A5F95-7041-461E-9457-9D89373E4CE6}.Debug|x64.ActiveCfg = Debug|x64
		{9E9A5F95-7041-461E-9457-9D89373E4CE6}.Debug|x64.Build.0 = Debug|x64
		{9E9A5F95-7041-461E-9457-9D89373E4CE6}.Debug|x86.ActiveCfg = Debug|Win32
		{9E9A5F95-7041-461E-9457-9D89373E4CE6}.Debug|x86.Build.0 = Debug|Win32
		{9E9A5F95-7041-461E-9457-9D89373E4CE6}.Release|x64.ActiveCfg = Release|x64
		{9E9A5F95-7041-461E-9457-9D89373E4CE6}.Release|x64.Build.0 = Release|x64
		{9E9A5F95-7041-461E-9457-9D89373E4CE6}.Release|x86.ActiveCfg = Release|Win32
		{9E9A5F95-7041-461E-9457-9D89373E4CE6}.Release|x86.Build.0 = Release|Win32
		{614B3024-D411-4886-9A11-C2E3921E7240}.Debug|x64.ActiveCfg = Debug|x64
		{614B3024-D411-4886-9A11-C2E3921E7240}.Debug|x64.Build.0 = Debug|x64
		{614B3024-D411-4886-9A11-C2E3921E7240}.Debug|x86.ActiveCfg = Debug|Win32
		{614B3024-D411-4886-9A11-C2E3921E7240}.Debug|x86.Build.0 = Debug|Win32
		{614B3024-D411-4886-9A11-C2E3921E7240}.Release|x64.ActiveCfg = Release|x64
		{614B3024-D411-4886-9A11-C2E3921E7240}.Release|x64.Build.0 = Release|x64
		{614B3024-D411-4886-9A11-C2E3921E7240}.Release|x86.ActiveCfg = Release|Win32
		{614B3024-D411-4886-9A11-C2E3921E7240}.Release|x86.Build.0 = Release|Win32
		{6A882B25-B667-4E60-9AE1-EC6E3283E345}.Debug|x64.ActiveCfg = Debug|x64
		{6A882B25-B667-4E60-9AE1-EC6E3283E345}.Debug|x64.Build.0 = Debug|x64
		{6A882B25-B667-4E60-9AE1-EC6E3283E345}.Debug|x86.ActiveCfg = Debug|Win32
		{6A882B25-B667-4E60-9AE1-EC6E3283E345}.Debug|x86.Build.0 = Debug|Win32
		{6A882B25-B667-4E60-9AE1-EC6E3283E345}.Release|x64.ActiveCfg = Release|x64
		{6A882B25-B667-4E60-9AE1-EC6E3283E345}.Release|x64.Build.0 = Release|x64
		{6A882B25-B667-4E60-9AE1-EC6E3283E345}.Release|x86.ActiveCfg = Release|Win32
		{6A882B25-B667-4E60-9AE1-EC6E3283E345}.Release|x86.Build.0 = Release|Win32
		{FB26DB95-5C23-437E-896C-438148E64BA4}.Debug|x64.ActiveCfg = Debug|x64
		{FB26DB95-5C23-437E-896C-438148E64BA4}.Debug|x64.Build.0 = Debug|x64
		{FB26DB95-5C23-437E-896C-438148E64BA4}.Debug|x86.ActiveCfg = Debug|Win32
		{FB26DB95-5C23-437E-896C-438148E64BA4}.Debug|x86.Build.0 = Debug|Win32
		{FB26DB95-5C23-437E-896C-438148E64BA4}.Release|x64.ActiveCfg = Release|x64
		{FB26DB95-5C23-437E-896C-438148E64BA4}.Release|x64.Build.0 = Release|x64
		{FB26DB95-5C23-437E-896C-438148E64BA4}.Release|x86.ActiveCfg = Release|Win32
		{FB26DB95-5C23-437E-896C-438148E64BA4}.Release|x86.Build.0 = Release|Win32
		{54E9F6A5-FE09-4C22-A7BB-086BFC016E9B}.Debug|x64.ActiveCfg = Debug|x64
		{54E9F6A5-FE09-4C22-A7BB-086BFC016E9B}.Debug|x64.Build.0 = Debug|x64
		{54E9F6A5-FE09-4C22-A7BB-086BFC016E9B}.Debug|x86.ActiveCfg = Debug|Win32
		{54E9F6A5-FE09-4C22-A7BB-086BFC016E9B}.Debug|x86.Build.0 = Debug|Win32
		{54E9F6A5-FE09-4C22-A7BB-086BFC016E9B}.Release|x64.ActiveCfg = Release|x64
		{54E9F6A5-FE09-4C22-A7BB-086BFC016E9B}.Release|x64.Build.0 = Release|x64
		{54E9F6A5-FE09-4C22-A7BB-086BFC016E9B}.Release|x86.ActiveCfg = Release|Win32
		{54E9F6A5-FE09-4C22-A7BB-086BFC016E9B}.Release|x86.Build.0 = Release|Win32
		{446DD9C9-483F-46DE-A684-B6874825D014}.Debug|x64.ActiveCfg = Debug|x64
		{446DD9C9-483F-46DE-A684-B6874825D014}.Debug|x64.Build.0 = Debug|x64
		{446DD9C9-483F-46DE-A684-B6874825D014}.Debug|x86.ActiveCfg = Debug|Win32
		{446DD9C9-483F-46DE-A684-B6874825D014}.Debug|x86.Build.0 = Debug|Win32
		{446DD9C9-483F-46DE-A684-B6874825D014}.Release|x64.ActiveCfg = Release|x64
		{446DD9C9-483F-46DE-A684-B6874825D014}.Release|x64.Build.0 = Release|x64
		{446DD9C9-483F-46DE-A684-B6874825D014}.Release|x86.ActiveCfg = Release|Win32
		{446DD9C9-483F-46DE-A684-B6874825D014}.Release|x86.Build.0 = Release|Win32
	EndGlobalSection
	GlobalSection(SolutionProperties) = preSolution
		HideSolutionNode = FALSE
	EndGlobalSection
	GlobalSection(ExtensibilityGlobals) = postSolution
		SolutionGuid = {90AB5655-6293-490C-8A2B-1416E4B8AA36}
	EndGlobalSection
EndGlobal
